
Microsoft Visual Studio Solution File, Format Version 12.00
# Visual Studio 15
Project("{FAE04EC0-301F-11D3-BF4B-00C04F79EFBC}") = "Assembly-CSharp", "Assembly-CSharp.csproj", "{3458200E-6F0E-9719-2F3F-ACD169786055}"
EndProject
Project("{FAE04EC0-301F-11D3-BF4B-00C04F79EFBC}") = "Unity.Postprocessing.Runtime", "Unity.Postprocessing.Runtime.csproj", "{3D9958DB-B642-0403-6C40-912B59E57344}"
EndProject
Project("{FAE04EC0-301F-11D3-BF4B-00C04F79EFBC}") = "Unity.Postprocessing.Editor", "Unity.Postprocessing.Editor.csproj", "{008C6D48-6AE6-5A32-FF83-882908B45416}"
EndProject
Project("{FAE04EC0-301F-11D3-BF4B-00C04F79EFBC}") = "Assembly-CSharp-Editor", "Assembly-CSharp-Editor.csproj", "{419146C6-9FF2-E392-4251-8A2D3BD2C5E6}"
EndProject
Global
	GlobalSection(SolutionConfigurationPlatforms) = preSolution
		Debug|Any CPU = Debug|Any CPU
		Release|Any CPU = Release|Any CPU
	EndGlobalSection
	GlobalSection(ProjectConfigurationPlatforms) = postSolution
		{3458200E-6F0E-9719-2F3F-ACD169786055}.Debug|Any CPU.ActiveCfg = Debug|Any CPU
		{3458200E-6F0E-9719-2F3F-ACD169786055}.Debug|Any CPU.Build.0 = Debug|Any CPU
		{3458200E-6F0E-9719-2F3F-ACD169786055}.Release|Any CPU.ActiveCfg = Release|Any CPU
		{3458200E-6F0E-9719-2F3F-ACD169786055}.Release|Any CPU.Build.0 = Release|Any CPU
		{3D9958DB-B642-0403-6C40-912B59E57344}.Debug|Any CPU.ActiveCfg = Debug|Any CPU
		{3D9958DB-B642-0403-6C40-912B59E57344}.Debug|Any CPU.Build.0 = Debug|Any CPU
		{3D9958DB-B642-0403-6C40-912B59E57344}.Release|Any CPU.ActiveCfg = Release|Any CPU
		{3D9958DB-B642-0403-6C40-912B59E57344}.Release|Any CPU.Build.0 = Release|Any CPU
		{008C6D48-6AE6-5A32-FF83-882908B45416}.Debug|Any CPU.ActiveCfg = Debug|Any CPU
		{008C6D48-6AE6-5A32-FF83-882908B45416}.Debug|Any CPU.Build.0 = Debug|Any CPU
		{008C6D48-6AE6-5A32-FF83-882908B45416}.Release|Any CPU.ActiveCfg = Release|Any CPU
		{008C6D48-6AE6-5A32-FF83-882908B45416}.Release|Any CPU.Build.0 = Release|Any CPU
		{419146C6-9FF2-E392-4251-8A2D3BD2C5E6}.Debug|Any CPU.ActiveCfg = Debug|Any CPU
		{419146C6-9FF2-E392-4251-8A2D3BD2C5E6}.Debug|Any CPU.Build.0 = Debug|Any CPU
		{419146C6-9FF2-E392-4251-8A2D3BD2C5E6}.Release|Any CPU.ActiveCfg = Release|Any CPU
		{419146C6-9FF2-E392-4251-8A2D3BD2C5E6}.Release|Any CPU.Build.0 = Release|Any CPU
	EndGlobalSection
	GlobalSection(SolutionProperties) = preSolution
		HideSolutionNode = FALSE
	EndGlobalSection
EndGlobal
